
Microsoft Visual Studio Solution File, Format Version 11.00
# Visual Studio 2010
Project("{5E53CCA8-D880-4964-8B8C-B3DB057578E7}") = "CUDA_Parameters", "CUDA_Parameters\CUDA_Parameters.pvfproj", "{3D15B43B-9874-449B-837E-FDD308A19C06}"
EndProject
Global
	GlobalSection(SolutionConfigurationPlatforms) = preSolution
		Debug|Win32 = Debug|Win32
		Release|Win32 = Release|Win32
	EndGlobalSection
	GlobalSection(ProjectConfigurationPlatforms) = postSolution
		{3D15B43B-9874-449B-837E-FDD308A19C06}.Debug|Win32.ActiveCfg = Debug|Win32
		{3D15B43B-9874-449B-837E-FDD308A19C06}.Debug|Win32.Build.0 = Debug|Win32
		{3D15B43B-9874-449B-837E-FDD308A19C06}.Release|Win32.ActiveCfg = Release|Win32
		{3D15B43B-9874-449B-837E-FDD308A19C06}.Release|Win32.Build.0 = Release|Win32
	EndGlobalSection
	GlobalSection(SolutionProperties) = preSolution
		HideSolutionNode = FALSE
	EndGlobalSection
EndGlobal
